<?xml version="1.0" encoding="utf-8"?>
<Project ToolsVersion="4.0" xmlns="http://schemas.microsoft.com/developer/msbuild/2003">
  <ItemGroup>
    <Filter Include="Source Files">
      <UniqueIdentifier>{4FC737F1-C7A5-4376-A066-2A32D752A2FF}</UniqueIdentifier>
      <Extensions>cpp;c;cc;cxx;def;odl;idl;hpj;bat;asm;asmx</Extensions>
    </Filter>
    <Filter Include="Header Files">
      <UniqueIdentifier>{93995380-89BD-4b04-88EB-625FBE52EBFB}</UniqueIdentifier>
      <Extensions>h;hh;hpp;hxx;hm;inl;inc;xsd</Extensions>
    </Filter>
    <Filter Include="Resource Files">
      <UniqueIdentifier>{D9D6E242-F8AF-46E4-B9FD-80ECBC20BA3E}</UniqueIdentifier>
      <Extensions>qrc;*</Extensions>
      <ParseFiles>false</ParseFiles>
    </Filter>
    <Filter Include="Form Files">
      <UniqueIdentifier>{99349809-55BA-4b9d-BF79-8FDBB0286EB3}</UniqueIdentifier>
      <Extensions>ui</Extensions>
    </Filter>
    <Filter Include="Resource Files">
      <UniqueIdentifier>{D9D6E242-F8AF-46E4-B9FD-80ECBC20BA3E}</UniqueIdentifier>
      <Extensions>qrc;*</Extensions>
      <ParseFiles>false</ParseFiles>
    </Filter>
    <Filter Include="Generated Files">
      <UniqueIdentifier>{71ED8ED8-ACB9-4CE9-BBE1-E00B30144E11}</UniqueIdentifier>
      <Extensions>moc;h;cpp</Extensions>
      <SourceControlFiles>False</SourceControlFiles>
    </Filter>
    <Filter Include="Generated Files\Debug">
      <UniqueIdentifier>{a6f56bc3-f536-4502-842a-1967ae771034}</UniqueIdentifier>
      <Extensions>cpp;moc</Extensions>
      <SourceControlFiles>False</SourceControlFiles>
    </Filter>
    <Filter Include="Generated Files\Release">
      <UniqueIdentifier>{3a7de56b-e4ca-4022-9326-facc7a4ad5de}</UniqueIdentifier>
      <Extensions>cpp;moc</Extensions>
      <SourceControlFiles>False</SourceControlFiles>
    </Filter>
  </ItemGroup>
  <ItemGroup>
    <ClCompile Include="GeneratedFiles\qrc_UmInstallerAssistant.cpp">
      <Filter>Generated Files</Filter>
    </ClCompile>
    <ClCompile Include="GeneratedFiles\Debug\moc_BatchListItem.cpp">
      <Filter>Generated Files\Debug</Filter>
    </ClCompile>
    <ClCompile Include="GeneratedFiles\Release\moc_BatchListItem.cpp">
      <Filter>Generated Files\Release</Filter>
    </ClCompile>
    <ClCompile Include="GeneratedFiles\Debug\moc_BatchListWidget.cpp">
      <Filter>Generated Files\Debug</Filter>
    </ClCompile>
    <ClCompile Include="GeneratedFiles\Release\moc_BatchListWidget.cpp">
      <Filter>Generated Files\Release</Filter>
    </ClCompile>
    <ClCompile Include="GeneratedFiles\Debug\moc_BatchPageView.cpp">
      <Filter>Generated Files\Debug</Filter>
    </ClCompile>
    <ClCompile Include="GeneratedFiles\Release\moc_BatchPageView.cpp">
      <Filter>Generated Files\Release</Filter>
    </ClCompile>
    <ClCompile Include="GeneratedFiles\Debug\moc_ListWidget.cpp">
      <Filter>Generated Files\Debug</Filter>
    </ClCompile>
    <ClCompile Include="GeneratedFiles\Release\moc_ListWidget.cpp">
      <Filter>Generated Files\Release</Filter>
    </ClCompile>
    <ClCompile Include="GeneratedFiles\Debug\moc_MoblieItem.cpp">
      <Filter>Generated Files\Debug</Filter>
    </ClCompile>
    <ClCompile Include="GeneratedFiles\Release\moc_MoblieItem.cpp">
      <Filter>Generated Files\Release</Filter>
    </ClCompile>
    <ClCompile Include="GeneratedFiles\Debug\moc_OneKeyListWidget.cpp">
      <Filter>Generated Files\Debug</Filter>
    </ClCompile>
    <ClCompile Include="GeneratedFiles\Release\moc_OneKeyListWidget.cpp">
      <Filter>Generated Files\Release</Filter>
    </ClCompile>
    <ClCompile Include="GeneratedFiles\Debug\moc_OnekeyPageView.cpp">
      <Filter>Generated Files\Debug</Filter>
    </ClCompile>
    <ClCompile Include="GeneratedFiles\Release\moc_OnekeyPageView.cpp">
      <Filter>Generated Files\Release</Filter>
    </ClCompile>
    <ClCompile Include="GeneratedFiles\Debug\moc_QuickInstallView.cpp">
      <Filter>Generated Files\Debug</Filter>
    </ClCompile>
    <ClCompile Include="GeneratedFiles\Release\moc_QuickInstallView.cpp">
      <Filter>Generated Files\Release</Filter>
    </ClCompile>
    <ClCompile Include="GeneratedFiles\Debug\moc_TaskWndDialog.cpp">
      <Filter>Generated Files\Debug</Filter>
    </ClCompile>
    <ClCompile Include="GeneratedFiles\Release\moc_TaskWndDialog.cpp">
      <Filter>Generated Files\Release</Filter>
    </ClCompile>
    <ClCompile Include="GeneratedFiles\Debug\moc_EventDriver.cpp">
      <Filter>Generated Files\Debug</Filter>
    </ClCompile>
    <ClCompile Include="GeneratedFiles\Release\moc_EventDriver.cpp">
      <Filter>Generated Files\Release</Filter>
    </ClCompile>
    <ClCompile Include="GeneratedFiles\Debug\moc_Ipc.cpp">
      <Filter>Generated Files\Debug</Filter>
    </ClCompile>
    <ClCompile Include="GeneratedFiles\Release\moc_Ipc.cpp">
      <Filter>Generated Files\Release</Filter>
    </ClCompile>
    <ClCompile Include="GeneratedFiles\Debug\moc_AdbMan.cpp">
      <Filter>Generated Files\Debug</Filter>
    </ClCompile>
    <ClCompile Include="GeneratedFiles\Release\moc_AdbMan.cpp">
      <Filter>Generated Files\Release</Filter>
    </ClCompile>
    <ClCompile Include="GeneratedFiles\Debug\moc_CheckDevices.cpp">
      <Filter>Generated Files\Debug</Filter>
    </ClCompile>
    <ClCompile Include="GeneratedFiles\Release\moc_CheckDevices.cpp">
      <Filter>Generated Files\Release</Filter>
    </ClCompile>
    <ClCompile Include="GeneratedFiles\Debug\moc_GlobalConfiguration.cpp">
      <Filter>Generated Files\Debug</Filter>
    </ClCompile>
    <ClCompile Include="GeneratedFiles\Release\moc_GlobalConfiguration.cpp">
      <Filter>Generated Files\Release</Filter>
    </ClCompile>
    <ClCompile Include="GeneratedFiles\Debug\moc_LocalStorage.cpp">
      <Filter>Generated Files\Debug</Filter>
    </ClCompile>
    <ClCompile Include="GeneratedFiles\Release\moc_LocalStorage.cpp">
      <Filter>Generated Files\Release</Filter>
    </ClCompile>
    <ClCompile Include="GeneratedFiles\Debug\moc_PushfileMan.cpp">
      <Filter>Generated Files\Debug</Filter>
    </ClCompile>
    <ClCompile Include="GeneratedFiles\Release\moc_PushfileMan.cpp">
      <Filter>Generated Files\Release</Filter>
    </ClCompile>
    <ClCompile Include="GeneratedFiles\Debug\moc_SignalManager.cpp">
      <Filter>Generated Files\Debug</Filter>
    </ClCompile>
    <ClCompile Include="GeneratedFiles\Release\moc_SignalManager.cpp">
      <Filter>Generated Files\Release</Filter>
    </ClCompile>
    <ClCompile Include="apps\BatchListItem.cpp">
      <Filter>Source Files</Filter>
    </ClCompile>
    <ClCompile Include="apps\BatchListWidget.cpp">
      <Filter>Source Files</Filter>
    </ClCompile>
    <ClCompile Include="apps\BatchPageView.cpp">
      <Filter>Source Files</Filter>
    </ClCompile>
    <ClCompile Include="apps\ListWidget.cpp">
      <Filter>Source Files</Filter>
    </ClCompile>
    <ClCompile Include="apps\main.cpp">
      <Filter>Source Files</Filter>
    </ClCompile>
    <ClCompile Include="apps\MoblieItem.cpp">
      <Filter>Source Files</Filter>
    </ClCompile>
    <ClCompile Include="apps\OneKeyListWidget.cpp">
      <Filter>Source Files</Filter>
    </ClCompile>
    <ClCompile Include="apps\OnekeyPageView.cpp">
      <Filter>Source Files</Filter>
    </ClCompile>
    <ClCompile Include="apps\QueryInfoView.cpp">
      <Filter>Source Files</Filter>
    </ClCompile>
    <ClCompile Include="apps\QuickInstallView.cpp">
      <Filter>Source Files</Filter>
    </ClCompile>
    <ClCompile Include="apps\TaskWndDialog.cpp">
      <Filter>Source Files</Filter>
    </ClCompile>
    <ClCompile Include="apps\UmInstallerAssistant.cpp">
      <Filter>Source Files</Filter>
    </ClCompile>
    <ClCompile Include="common_libs\EventDriver.cpp">
      <Filter>Source Files</Filter>
    </ClCompile>
    <ClCompile Include="common_libs\Ipc.cpp">
      <Filter>Source Files</Filter>
    </ClCompile>
    <ClCompile Include="modules\adb_man\AdbMan.cpp">
      <Filter>Source Files</Filter>
    </ClCompile>
    <ClCompile Include="modules\check_devices\CheckDevices.cpp">
      <Filter>Source Files</Filter>
    </ClCompile>
    <ClCompile Include="modules\configuration_option\GlobalConfiguration.cpp">
      <Filter>Source Files</Filter>
    </ClCompile>
    <ClCompile Include="modules\local_storage\LocalStorage.cpp">
      <Filter>Source Files</Filter>
    </ClCompile>
    <ClCompile Include="modules\package_data_manager\DataManager.cpp">
      <Filter>Source Files</Filter>
    </ClCompile>
    <ClCompile Include="modules\pushfile_man\PushfileMan.cpp">
      <Filter>Source Files</Filter>
    </ClCompile>
    <ClCompile Include="modules\ui_signal\SignalManager.cpp">
      <Filter>Source Files</Filter>
    </ClCompile>
    <ClCompile Include="GeneratedFiles\Debug\moc_UmInstallerAssistant.cpp">
      <Filter>Generated Files\Debug</Filter>
    </ClCompile>
    <ClCompile Include="GeneratedFiles\Release\moc_UmInstallerAssistant.cpp">
      <Filter>Generated Files\Release</Filter>
    </ClCompile>
    <ClCompile Include="modules\check_devices\ConnectManager.cpp">
      <Filter>Source Files</Filter>
    </ClCompile>
    <ClCompile Include="GeneratedFiles\Debug\moc_ConnectManager.cpp">
      <Filter>Generated Files\Debug</Filter>
    </ClCompile>
    <ClCompile Include="GeneratedFiles\Release\moc_ConnectManager.cpp">
      <Filter>Generated Files\Release</Filter>
    </ClCompile>
    <ClCompile Include="GeneratedFiles\Debug\moc_QueryInfoView.cpp">
      <Filter>Generated Files\Debug</Filter>
    </ClCompile>
    <ClCompile Include="GeneratedFiles\Release\moc_QueryInfoView.cpp">
      <Filter>Generated Files\Release</Filter>
    </ClCompile>
    <ClCompile Include="include\Common.cpp">
      <Filter>Source Files</Filter>
    </ClCompile>
    <ClCompile Include="apps\PackageStateManager.cpp">
      <Filter>Source Files</Filter>
    </ClCompile>
    <ClCompile Include="GeneratedFiles\Debug\moc_PackageStateManager.cpp">
      <Filter>Generated Files\Debug</Filter>
    </ClCompile>
    <ClCompile Include="GeneratedFiles\Release\moc_PackageStateManager.cpp">
      <Filter>Generated Files\Release</Filter>
    </ClCompile>
    <ClCompile Include="apps\UMessageBox.cpp">
      <Filter>Source Files</Filter>
    </ClCompile>
    <ClCompile Include="GeneratedFiles\Debug\moc_UMessageBox.cpp">
      <Filter>Generated Files\Debug</Filter>
    </ClCompile>
    <ClCompile Include="GeneratedFiles\Release\moc_UMessageBox.cpp">
      <Filter>Generated Files\Release</Filter>
    </ClCompile>
    <ClCompile Include="GeneratedFiles\Debug\moc_CustomWnd.cpp">
      <Filter>Generated Files\Debug</Filter>
    </ClCompile>
    <ClCompile Include="GeneratedFiles\Release\moc_CustomWnd.cpp">
      <Filter>Generated Files\Release</Filter>
    </ClCompile>
    <ClCompile Include="apps\CustomWnd.cpp">
      <Filter>Source Files</Filter>
    </ClCompile>
    <ClCompile Include="apps\QucikInstallListWidget.cpp">
      <Filter>Source Files</Filter>
    </ClCompile>
    <ClCompile Include="GeneratedFiles\Debug\moc_QucikInstallListWidget.cpp">
      <Filter>Generated Files\Debug</Filter>
    </ClCompile>
    <ClCompile Include="GeneratedFiles\Release\moc_QucikInstallListWidget.cpp">
      <Filter>Generated Files\Release</Filter>
    </ClCompile>
  </ItemGroup>
  <ItemGroup>
    <CustomBuild Include="apps\UmInstallerAssistant.qrc">
      <Filter>Resource Files</Filter>
    </CustomBuild>
    <CustomBuild Include="apps\Resources\UI\BatchListItem.ui">
      <Filter>Form Files</Filter>
    </CustomBuild>
    <CustomBuild Include="apps\Resources\UI\BatchPage.ui">
      <Filter>Form Files</Filter>
    </CustomBuild>
    <CustomBuild Include="apps\Resources\UI\Mainframe.ui">
      <Filter>Form Files</Filter>
    </CustomBuild>
    <CustomBuild Include="apps\Resources\UI\MoblieItem.ui">
      <Filter>Form Files</Filter>
    </CustomBuild>
    <CustomBuild Include="apps\Resources\UI\OneKayPage.ui">
      <Filter>Form Files</Filter>
    </CustomBuild>
    <CustomBuild Include="apps\Resources\UI\OnekeyListItem.ui">
      <Filter>Form Files</Filter>
    </CustomBuild>
    <CustomBuild Include="apps\Resources\UI\QueryItem.ui">
      <Filter>Form Files</Filter>
    </CustomBuild>
    <CustomBuild Include="apps\Resources\UI\TaksListItem.ui">
      <Filter>Form Files</Filter>
    </CustomBuild>
    <CustomBuild Include="apps\Resources\UI\TaskCenterWnd.ui">
      <Filter>Form Files</Filter>
    </CustomBuild>
    <CustomBuild Include="apps\BatchListItem.h">
      <Filter>Header Files</Filter>
    </CustomBuild>
    <CustomBuild Include="apps\BatchListWidget.h">
      <Filter>Header Files</Filter>
    </CustomBuild>
    <CustomBuild Include="apps\BatchPageView.h">
      <Filter>Header Files</Filter>
    </CustomBuild>
    <CustomBuild Include="apps\ListWidget.h">
      <Filter>Header Files</Filter>
    </CustomBuild>
    <CustomBuild Include="apps\MoblieItem.h">
      <Filter>Header Files</Filter>
    </CustomBuild>
    <CustomBuild Include="apps\OneKeyListWidget.h">
      <Filter>Header Files</Filter>
    </CustomBuild>
    <CustomBuild Include="apps\OnekeyPageView.h">
      <Filter>Header Files</Filter>
    </CustomBuild>
    <CustomBuild Include="apps\QuickInstallView.h">
      <Filter>Header Files</Filter>
    </CustomBuild>
    <CustomBuild Include="apps\TaskWndDialog.h">
      <Filter>Header Files</Filter>
    </CustomBuild>
    <CustomBuild Include="common_libs\EventDriver.h">
      <Filter>Header Files</Filter>
    </CustomBuild>
    <CustomBuild Include="common_libs\Ipc.h">
      <Filter>Header Files</Filter>
    </CustomBuild>
    <CustomBuild Include="modules\adb_man\AdbMan.h">
      <Filter>Header Files</Filter>
    </CustomBuild>
    <CustomBuild Include="modules\check_devices\CheckDevices.h">
      <Filter>Header Files</Filter>
    </CustomBuild>
    <CustomBuild Include="modules\configuration_option\GlobalConfiguration.h">
      <Filter>Header Files</Filter>
    </CustomBuild>
    <CustomBuild Include="modules\local_storage\LocalStorage.h">
      <Filter>Header Files</Filter>
    </CustomBuild>
    <CustomBuild Include="modules\pushfile_man\PushfileMan.h">
      <Filter>Header Files</Filter>
    </CustomBuild>
    <CustomBuild Include="modules\ui_signal\SignalManager.h">
      <Filter>Header Files</Filter>
    </CustomBuild>
    <CustomBuild Include="apps\UmInstallerAssistant.h">
      <Filter>Header Files</Filter>
    </CustomBuild>
    <CustomBuild Include="modules\check_devices\ConnectManager.h">
      <Filter>Header Files</Filter>
    </CustomBuild>
    <CustomBuild Include="apps\QueryInfoView.h">
      <Filter>Header Files</Filter>
    </CustomBuild>
    <CustomBuild Include="apps\PackageStateManager.h">
      <Filter>Header Files</Filter>
    </CustomBuild>
    <CustomBuild Include="apps\Resources\UI\QueryView.ui">
      <Filter>Form Files</Filter>
    </CustomBuild>
    <CustomBuild Include="apps\Resources\UI\UMessageBox.ui">
      <Filter>Form Files</Filter>
    </CustomBuild>
    <CustomBuild Include="apps\UMessageBox.h">
      <Filter>Header Files</Filter>
    </CustomBuild>
    <CustomBuild Include="apps\Resources\UI\CustomPackageWnd.ui">
      <Filter>Form Files</Filter>
    </CustomBuild>
    <CustomBuild Include="apps\CustomWnd.h">
      <Filter>Header Files</Filter>
    </CustomBuild>
    <CustomBuild Include="apps\Resources\UI\OnekeyAdd.ui">
      <Filter>Form Files</Filter>
    </CustomBuild>
    <CustomBuild Include="apps\Resources\UI\QuickInstallItem.ui">
      <Filter>Form Files</Filter>
    </CustomBuild>
    <CustomBuild Include="apps\QucikInstallListWidget.h">
      <Filter>Header Files</Filter>
    </CustomBuild>
    <CustomBuild Include="apps\Resources\UI\CustomItem.ui">
      <Filter>Form Files</Filter>
    </CustomBuild>
    <CustomBuild Include="apps\Resources\UI\UMessageBoxEx.ui">
      <Filter>Form Files</Filter>
    </CustomBuild>
    <CustomBuild Include="apps\Resources\UI\QuickInstallPage.ui">
      <Filter>Form Files</Filter>
    </CustomBuild>
  </ItemGroup>
  <ItemGroup>
    <ClInclude Include="GeneratedFiles\ui_BatchListItem.h">
      <Filter>Generated Files</Filter>
    </ClInclude>
    <ClInclude Include="GeneratedFiles\ui_BatchPage.h">
      <Filter>Generated Files</Filter>
    </ClInclude>
    <ClInclude Include="GeneratedFiles\ui_Mainframe.h">
      <Filter>Generated Files</Filter>
    </ClInclude>
    <ClInclude Include="GeneratedFiles\ui_MoblieItem.h">
      <Filter>Generated Files</Filter>
    </ClInclude>
    <ClInclude Include="GeneratedFiles\ui_OneKayPage.h">
      <Filter>Generated Files</Filter>
    </ClInclude>
    <ClInclude Include="GeneratedFiles\ui_OnekeyListItem.h">
      <Filter>Generated Files</Filter>
    </ClInclude>
    <ClInclude Include="GeneratedFiles\ui_QueryItem.h">
      <Filter>Generated Files</Filter>
    </ClInclude>
    <ClInclude Include="GeneratedFiles\ui_TaksListItem.h">
      <Filter>Generated Files</Filter>
    </ClInclude>
    <ClInclude Include="GeneratedFiles\ui_TaskCenterWnd.h">
      <Filter>Generated Files</Filter>
    </ClInclude>
    <ClInclude Include="include\Common.h">
      <Filter>Header Files</Filter>
    </ClInclude>
    <ClInclude Include="include\configuration.h">
      <Filter>Header Files</Filter>
    </ClInclude>
    <ClInclude Include="modules\package_data_manager\DataManager.h">
      <Filter>Header Files</Filter>
    </ClInclude>
    <ClInclude Include="GeneratedFiles\ui_QueryView.h">
      <Filter>Generated Files</Filter>
    </ClInclude>
    <ClInclude Include="GeneratedFiles\ui_UMessageBox.h">
      <Filter>Generated Files</Filter>
    </ClInclude>
    <ClInclude Include="GeneratedFiles\ui_CustomPackageWnd.h">
      <Filter>Generated Files</Filter>
    </ClInclude>
    <ClInclude Include="GeneratedFiles\ui_OnekeyAdd.h">
      <Filter>Generated Files</Filter>
    </ClInclude>
    <ClInclude Include="GeneratedFiles\ui_QuickInstallItem.h">
      <Filter>Generated Files</Filter>
    </ClInclude>
    <ClInclude Include="GeneratedFiles\ui_CustomItem.h">
      <Filter>Generated Files</Filter>
    </ClInclude>
    <ClInclude Include="GeneratedFiles\ui_UMessageBoxEx.h">
      <Filter>Generated Files</Filter>
    </ClInclude>
    <ClInclude Include="GeneratedFiles\ui_QuickInstallPage.h">
      <Filter>Generated Files</Filter>
    </ClInclude>
    <ClInclude Include="resource.h">
      <Filter>Header Files</Filter>
    </ClInclude>
  </ItemGroup>
  <ItemGroup>
    <ResourceCompile Include="UmInstallerAssistant.rc" />
  </ItemGroup>
  <ItemGroup>
    <Image Include="apps\Resources\image\MobileAsst.ico" />
  </ItemGroup>
</Project>